{
    "_meta": {
        "hash": {
            "sha256": "cdcb357819584ab7d028450d463735ea022bfce53846673114476ecb1a0d8d2e"
        },
        "requires": {
            "python_version": "3.5"
        },
        "sources": [
            {
                "url": "https://pypi.python.org/simple",
                "verify_ssl": true
            }
        ]
    },
    "default": {
        "attrs": {
            "version": "==17.2.0"
        },
        "certifi": {
            "version": "==2017.7.27.1"
        },
        "chardet": {
            "version": "==3.0.4"
        },
        "click": {
            "version": "==6.7"
        },
        "idna": {
            "version": "==2.5"
        },
        "pytrie": {
            "version": "==0.3"
        },
        "requests": {
            "version": "==2.18.3"
        },
        "requests-file": {
            "version": "==1.4.2"
        },
        "six": {
            "version": "==1.10.0"
        },
        "sortedcontainers": {
            "version": "==1.5.7"
        },
        "urllib3": {
            "version": "==1.22"
        }
    },
    "develop": {
        "betamax": {
            "version": "==0.8.0"
        },
        "certifi": {
            "version": "==2017.7.27.1"
        },
        "chardet": {
            "version": "==3.0.4"
        },
        "idna": {
            "version": "==2.5"
        },
        "py": {
            "version": "==1.4.34"
        },
        "pyfakefs": {
            "version": "==3.2"
        },
        "pytest": {
            "version": "==3.2.0"
        },
        "requests": {
            "version": "==2.18.3"
        },
        "setuptools": {
            "version": "==36.2.7"
        },
        "urllib3": {
            "version": "==1.22"
        }
    }
}
