{
    "_meta": {
        "hash": {
            "sha256": "5890327a49ccdfc5a0572f8ed7db08326aa201073e6008461ad4e09f4baa874b"
        },
        "requires": {
            "python_version": "3.5"
        },
        "sources": [
            {
                "url": "https://pypi.python.org/simple",
                "verify_ssl": true
            }
        ]
    },
    "default": {
        "attrs": {
            "version": "==17.2.0"
        },
        "click": {
            "version": "==6.7"
        }
    },
    "develop": {
        "pluggy": {
            "version": "==0.4.0"
        },
        "py": {
            "version": "==1.4.34"
        },
        "pytest": {
            "version": "==3.1.3"
        },
        "setuptools": {
            "version": "==36.2.4"
        },
        "tox": {
            "version": "==2.7.0"
        },
        "virtualenv": {
            "version": "==15.1.0"
        }
    }
}
